{
  "name": "vue-reevit",
  "version": "0.0.0",
  "lockfileVersion": 3,
  "requires": true,
  "packages": {
    "": {
      "name": "vue-reevit",
      "version": "0.0.0",
      "dependencies": {
        "@base-ui/react": "^1.0.0",
        "@fontsource-variable/inter": "^5.2.8",
        "@hugeicons/core-free-icons": "^3.1.0",
        "@hugeicons/react": "^1.1.4",
        "@reevit/vue": "0.3.2",
        "@tailwindcss/vite": "^4.1.17",
        "class-variance-authority": "^0.7.1",
        "clsx": "^2.1.1",
        "lucide-vue-next": "^0.460.0",
        "pinia": "^2.3.0",
        "shadcn": "^3.6.2",
        "tailwind-merge": "^3.4.0",
        "tailwindcss": "^4.1.17",
        "tw-animate-css": "^1.4.0",
        "vue": "^3.5.13",
        "vue-router": "^4.5.0"
      },
      "devDependencies": {
        "@eslint/js": "^9.39.1",
        "@types/node": "^24.10.1",
        "@vitejs/plugin-vue": "^5.2.1",
        "eslint": "^9.39.1",
        "typescript": "~5.9.3",
        "typescript-eslint": "^8.46.4",
        "vite": "^7.2.4",
        "vue-tsc": "^2.1.10"
      }
    },
    "../../node_modules/.bun/@types+react-dom@19.2.3+b3aeb48c1f537661/node_modules/@types/react-dom": {
      "version": "19.2.3",
      "extraneous": true,
      "license": "MIT",
      "peerDependencies": {
        "@types/react": "^19.2.0"
      }
    },
    "../../node_modules/.bun/@types+react@19.2.7/node_modules/@types/react": {
      "version": "19.2.7",
      "extraneous": true,
      "license": "MIT",
      "dependencies": {
        "csstype": "^3.2.2"
      }
    },
    "../../node_modules/.bun/@vitejs+plugin-react@5.1.2+23dced63f05e12a0/node_modules/@vitejs/plugin-react": {
      "version": "5.1.2",
      "extraneous": true,
      "license": "MIT",
      "dependencies": {
        "@babel/core": "^7.28.5",
        "@babel/plugin-transform-react-jsx-self": "^7.27.1",
        "@babel/plugin-transform-react-jsx-source": "^7.27.1",
        "@rolldown/pluginutils": "1.0.0-beta.53",
        "@types/babel__core": "^7.20.5",
        "react-refresh": "^0.18.0"
      },
      "devDependencies": {
        "@vitejs/react-common": "workspace:*",
        "babel-plugin-react-compiler": "19.1.0-rc.3",
        "react": "^19.2.1",
        "react-dom": "^19.2.1",
        "rolldown": "1.0.0-beta.53",
        "tsdown": "^0.17.1"
      },
      "engines": {
        "node": "^20.19.0 || >=22.12.0"
      },
      "peerDependencies": {
        "vite": "^4.2.0 || ^5.0.0 || ^6.0.0 || ^7.0.0"
      }
    },
    "../../node_modules/.bun/eslint-plugin-react-hooks@7.0.1+6d5dcfc5e09e405e/node_modules/eslint-plugin-react-hooks": {
      "version": "7.0.1",
      "extraneous": true,
      "license": "MIT",
      "dependencies": {
        "@babel/core": "^7.24.4",
        "@babel/parser": "^7.24.4",
        "hermes-parser": "^0.25.1",
        "zod": "^3.25.0 || ^4.0.0",
        "zod-validation-error": "^3.5.0 || ^4.0.0"
      },
      "devDependencies": {
        "@babel/eslint-parser": "^7.11.4",
        "@babel/preset-typescript": "^7.26.0",
        "@babel/types": "^7.19.0",
        "@tsconfig/strictest": "^2.0.5",
        "@types/eslint": "^9.6.1",
        "@types/estree": "^1.0.6",
        "@types/estree-jsx": "^1.0.5",
        "@types/node": "^20.2.5",
        "@typescript-eslint/parser-v2": "npm:@typescript-eslint/parser@^2.26.0",
        "@typescript-eslint/parser-v3": "npm:@typescript-eslint/parser@^3.10.0",
        "@typescript-eslint/parser-v4": "npm:@typescript-eslint/parser@^4.1.0",
        "@typescript-eslint/parser-v5": "npm:@typescript-eslint/parser@^5.62.0",
        "babel-eslint": "^10.0.3",
        "eslint-v7": "npm:eslint@^7.7.0",
        "eslint-v8": "npm:eslint@^8.57.1",
        "eslint-v9": "npm:eslint@^9.0.0",
        "jest": "^29.5.0",
        "typescript": "^5.4.3"
      },
      "engines": {
        "node": ">=18"
      },
      "peerDependencies": {
        "eslint": "^3.0.0 || ^4.0.0 || ^5.0.0 || ^6.0.0 || ^7.0.0 || ^8.0.0-0 || ^9.0.0"
      }
    },
    "../../node_modules/.bun/eslint-plugin-react-refresh@0.4.26+6d5dcfc5e09e405e/node_modules/eslint-plugin-react-refresh": {
      "version": "0.4.26",
      "extraneous": true,
      "license": "MIT",
      "peerDependencies": {
        "eslint": ">=8.40"
      }
    },
    "../../node_modules/.bun/globals@16.5.0/node_modules/globals": {
      "version": "16.5.0",
      "extraneous": true,
      "license": "MIT",
      "devDependencies": {
        "@vitest/eslint-plugin": "^1.1.44",
        "ava": "^6.3.0",
        "cheerio": "^1.0.0",
        "eslint-plugin-jest": "^28.11.0",
        "get-port": "^7.1.0",
        "is-identifier": "^1.0.1",
        "nano-spawn": "^0.2.0",
        "npm-run-all2": "^8.0.1",
        "outdent": "^0.8.0",
        "puppeteer": "^24.27.0",
        "shelljs": "^0.9.2",
        "tsd": "^0.32.0",
        "type-fest": "^4.41.0",
        "xo": "^0.60.0"
      },
      "engines": {
        "node": ">=18"
      },
      "funding": {
        "url": "https://github.com/sponsors/sindresorhus"
      }
    },
    "../../node_modules/.bun/react-dom@19.2.3+83d5fd7b249dbeef/node_modules/react-dom": {
      "version": "19.2.3",
      "extraneous": true,
      "license": "MIT",
      "dependencies": {
        "scheduler": "^0.27.0"
      },
      "peerDependencies": {
        "react": "^19.2.3"
      }
    },
    "../../node_modules/.bun/react@19.2.3/node_modules/react": {
      "version": "19.2.3",
      "extraneous": true,
      "license": "MIT",
      "engines": {
        "node": ">=0.10.0"
      }
    },
    "../../node_modules/.pnpm/@base-ui+react@1.0.0_@types+react@19.2.7_react-dom@19.2.3_react@19.2.3__react@19.2.3/node_modules/@base-ui/react": {
      "version": "1.0.0",
      "license": "MIT",
      "dependencies": {
        "@babel/runtime": "^7.28.4",
        "@base-ui/utils": "0.2.3",
        "@floating-ui/react-dom": "^2.1.6",
        "@floating-ui/utils": "^0.2.10",
        "reselect": "^5.1.1",
        "tabbable": "^6.3.0",
        "use-sync-external-store": "^1.6.0"
      },
      "engines": {
        "node": ">=14.0.0"
      },
      "funding": {
        "type": "opencollective",
        "url": "https://opencollective.com/mui-org"
      },
      "peerDependencies": {
        "@types/react": "^17 || ^18 || ^19",
        "react": "^17 || ^18 || ^19",
        "react-dom": "^17 || ^18 || ^19"
      },
      "peerDependenciesMeta": {
        "@types/react": {
          "optional": true
        }
      }
    },
    "../../node_modules/.pnpm/@eslint+js@9.39.2/node_modules/@eslint/js": {
      "version": "9.39.2",
      "dev": true,
      "license": "MIT",
      "engines": {
        "node": "^18.18.0 || ^20.9.0 || >=21.1.0"
      },
      "funding": {
        "url": "https://eslint.org/donate"
      }
    },
    "../../node_modules/.pnpm/@fontsource-variable+inter@5.2.8/node_modules/@fontsource-variable/inter": {
      "version": "5.2.8",
      "license": "OFL-1.1",
      "funding": {
        "url": "https://github.com/sponsors/ayuhito"
      }
    },
    "../../node_modules/.pnpm/@hugeicons+core-free-icons@3.1.0/node_modules/@hugeicons/core-free-icons": {
      "version": "3.1.0",
      "license": "MIT",
      "devDependencies": {
        "@rollup/plugin-commonjs": "^25.0.0",
        "@rollup/plugin-node-resolve": "^15.2.3",
        "@rollup/plugin-sucrase": "^5.0.2",
        "@rollup/plugin-terser": "^0.4.4",
        "rollup": "^4.9.4",
        "rollup-plugin-dts": "^6.1.1",
        "tslib": "^2.6.2",
        "typescript": "^4.9.5"
      }
    },
    "../../node_modules/.pnpm/@hugeicons+react@1.1.4_react@19.2.3/node_modules/@hugeicons/react": {
      "version": "1.1.4",
      "license": "MIT",
      "devDependencies": {
        "@rollup/plugin-commonjs": "^25.0.0",
        "@rollup/plugin-node-resolve": "^15.0.0",
        "@rollup/plugin-terser": "^0.4.0",
        "@rollup/plugin-typescript": "^11.0.0",
        "@types/react": "^18.0.0",
        "rollup": "^3.0.0",
        "rollup-plugin-dts": "^5.0.0",
        "tslib": "^2.6.0",
        "typescript": "^5.0.0"
      },
      "peerDependencies": {
        "react": ">=16.0.0"
      }
    },
    "../../node_modules/.pnpm/@reevit+vue@0.3.2_vue@3.5.26_typescript@5.9.3_/node_modules/@reevit/vue": {
      "version": "0.3.2",
      "license": "MIT",
      "dependencies": {
        "@reevit/core": "^0.3.2"
      },
      "devDependencies": {
        "@types/node": "^20.0.0",
        "@vitejs/plugin-vue": "^6.0.3",
        "tsup": "^8.0.0",
        "typescript": "^5.0.0",
        "vite": "^7.3.0",
        "vite-plugin-dts": "^4.5.4",
        "vue": "^3.5.0",
        "vue-tsc": "^2.2.0"
      },
      "peerDependencies": {
        "vue": "^3.3.0"
      }
    },
    "../../node_modules/.pnpm/@tailwindcss+vite@4.1.18_vite@7.3.0_@types+node@24.10.4_jiti@2.6.1_lightningcss@1.30.2_tsx@4.21.0_/node_modules/@tailwindcss/vite": {
      "version": "4.1.18",
      "license": "MIT",
      "dependencies": {
        "@tailwindcss/node": "4.1.18",
        "@tailwindcss/oxide": "4.1.18",
        "tailwindcss": "4.1.18"
      },
      "devDependencies": {
        "@types/node": "^20.19.0",
        "vite": "^7.0.0"
      },
      "peerDependencies": {
        "vite": "^5.2.0 || ^6 || ^7"
      }
    },
    "../../node_modules/.pnpm/@types+node@24.10.4/node_modules/@types/node": {
      "version": "24.10.4",
      "dev": true,
      "license": "MIT",
      "dependencies": {
        "undici-types": "~7.16.0"
      }
    },
    "../../node_modules/.pnpm/@vitejs+plugin-vue@5.2.4_vite@7.3.0_@types+node@24.10.4_jiti@2.6.1_lightningcss@1.30.2__900565a768ab2922a24e104e81208553/node_modules/@vitejs/plugin-vue": {
      "version": "5.2.4",
      "dev": true,
      "license": "MIT",
      "devDependencies": {
        "@jridgewell/gen-mapping": "^0.3.8",
        "@jridgewell/trace-mapping": "^0.3.25",
        "debug": "^4.4.0",
        "rollup": "^4.40.2",
        "slash": "^5.1.0",
        "source-map-js": "^1.2.1",
        "vite": "^6.3.5",
        "vue": "^3.5.13"
      },
      "engines": {
        "node": "^18.0.0 || >=20.0.0"
      },
      "peerDependencies": {
        "vite": "^5.0.0 || ^6.0.0",
        "vue": "^3.2.25"
      }
    },
    "../../node_modules/.pnpm/class-variance-authority@0.7.1/node_modules/class-variance-authority": {
      "version": "0.7.1",
      "license": "Apache-2.0",
      "dependencies": {
        "clsx": "^2.1.1"
      },
      "devDependencies": {
        "@swc/cli": "0.3.12",
        "@swc/core": "1.4.16",
        "@types/node": "20.12.7",
        "@types/react": "18.2.79",
        "@types/react-dom": "18.2.25",
        "bundlesize": "0.18.2",
        "npm-run-all": "4.1.5",
        "react": "18.2.0",
        "react-dom": "18.2.0",
        "ts-node": "10.9.2",
        "typescript": "5.4.5"
      },
      "funding": {
        "url": "https://polar.sh/cva"
      }
    },
    "../../node_modules/.pnpm/clsx@2.1.1/node_modules/clsx": {
      "version": "2.1.1",
      "license": "MIT",
      "devDependencies": {
        "esm": "3.2.25",
        "terser": "4.8.0",
        "uvu": "0.5.4"
      },
      "engines": {
        "node": ">=6"
      }
    },
    "../../node_modules/.pnpm/eslint@9.39.2_jiti@2.6.1/node_modules/eslint": {
      "version": "9.39.2",
      "dev": true,
      "license": "MIT",
      "dependencies": {
        "@eslint-community/eslint-utils": "^4.8.0",
        "@eslint-community/regexpp": "^4.12.1",
        "@eslint/config-array": "^0.21.1",
        "@eslint/config-helpers": "^0.4.2",
        "@eslint/core": "^0.17.0",
        "@eslint/eslintrc": "^3.3.1",
        "@eslint/js": "9.39.2",
        "@eslint/plugin-kit": "^0.4.1",
        "@humanfs/node": "^0.16.6",
        "@humanwhocodes/module-importer": "^1.0.1",
        "@humanwhocodes/retry": "^0.4.2",
        "@types/estree": "^1.0.6",
        "ajv": "^6.12.4",
        "chalk": "^4.0.0",
        "cross-spawn": "^7.0.6",
        "debug": "^4.3.2",
        "escape-string-regexp": "^4.0.0",
        "eslint-scope": "^8.4.0",
        "eslint-visitor-keys": "^4.2.1",
        "espree": "^10.4.0",
        "esquery": "^1.5.0",
        "esutils": "^2.0.2",
        "fast-deep-equal": "^3.1.3",
        "file-entry-cache": "^8.0.0",
        "find-up": "^5.0.0",
        "glob-parent": "^6.0.2",
        "ignore": "^5.2.0",
        "imurmurhash": "^0.1.4",
        "is-glob": "^4.0.0",
        "json-stable-stringify-without-jsonify": "^1.0.1",
        "lodash.merge": "^4.6.2",
        "minimatch": "^3.1.2",
        "natural-compare": "^1.4.0",
        "optionator": "^0.9.3"
      },
      "bin": {
        "eslint": "bin/eslint.js"
      },
      "devDependencies": {
        "@arethetypeswrong/cli": "^0.18.0",
        "@babel/core": "^7.4.3",
        "@babel/preset-env": "^7.4.3",
        "@cypress/webpack-preprocessor": "^6.0.2",
        "@eslint/json": "^0.13.2",
        "@trunkio/launcher": "^1.3.4",
        "@types/esquery": "^1.5.4",
        "@types/node": "^22.13.14",
        "@typescript-eslint/parser": "^8.4.0",
        "babel-loader": "^8.0.5",
        "c8": "^7.12.0",
        "chai": "^4.0.1",
        "cheerio": "^0.22.0",
        "common-tags": "^1.8.0",
        "core-js": "^3.1.3",
        "cypress": "^14.1.0",
        "ejs": "^3.0.2",
        "eslint": "file:.",
        "eslint-config-eslint": "file:packages/eslint-config-eslint",
        "eslint-plugin-eslint-plugin": "^6.0.0",
        "eslint-plugin-expect-type": "^0.6.0",
        "eslint-plugin-yml": "^1.14.0",
        "eslint-release": "^3.3.0",
        "eslint-rule-composer": "^0.3.0",
        "eslump": "^3.0.0",
        "esprima": "^4.0.1",
        "fast-glob": "^3.2.11",
        "fs-teardown": "^0.1.3",
        "glob": "^10.0.0",
        "globals": "^16.2.0",
        "got": "^11.8.3",
        "gray-matter": "^4.0.3",
        "jiti": "^2.6.1",
        "jiti-v2.0": "npm:jiti@2.0.x",
        "jiti-v2.1": "npm:jiti@2.1.x",
        "knip": "^5.60.2",
        "lint-staged": "^11.0.0",
        "markdown-it": "^12.2.0",
        "markdown-it-container": "^3.0.0",
        "marked": "^4.0.8",
        "metascraper": "^5.25.7",
        "metascraper-description": "^5.25.7",
        "metascraper-image": "^5.29.3",
        "metascraper-logo": "^5.25.7",
        "metascraper-logo-favicon": "^5.25.7",
        "metascraper-title": "^5.25.7",
        "mocha": "^11.7.1",
        "node-polyfill-webpack-plugin": "^1.0.3",
        "npm-license": "^0.3.3",
        "pirates": "^4.0.5",
        "progress": "^2.0.3",
        "proxyquire": "^2.0.1",
        "recast": "^0.23.0",
        "regenerator-runtime": "^0.14.0",
        "semver": "^7.5.3",
        "shelljs": "^0.10.0",
        "sinon": "^11.0.0",
        "typescript": "^5.3.3",
        "webpack": "^5.23.0",
        "webpack-cli": "^4.5.0",
        "yorkie": "^2.0.0"
      },
      "engines": {
        "node": "^18.18.0 || ^20.9.0 || >=21.1.0"
      },
      "funding": {
        "url": "https://eslint.org/donate"
      },
      "peerDependencies": {
        "jiti": "*"
      },
      "peerDependenciesMeta": {
        "jiti": {
          "optional": true
        }
      }
    },
    "../../node_modules/.pnpm/lucide-vue-next@0.460.0_vue@3.5.26_typescript@5.9.3_/node_modules/lucide-vue-next": {
      "version": "0.460.0",
      "license": "ISC",
      "devDependencies": {
        "@lucide/build-icons": "1.1.0",
        "@lucide/rollup-plugins": "1.0.0",
        "@lucide/shared": "1.0.0",
        "@testing-library/jest-dom": "^6.1.6",
        "@testing-library/vue": "^8.0.3",
        "@vitejs/plugin-vue": "^4.6.2",
        "@vue/test-utils": "2.4.5",
        "rollup": "^4.22.4",
        "rollup-plugin-dts": "^6.1.0",
        "vite": "5.1.8",
        "vitest": "^1.4.0",
        "vue": "^3.4.21"
      },
      "peerDependencies": {
        "vue": ">=3.0.1"
      }
    },
    "../../node_modules/.pnpm/pinia@2.3.1_typescript@5.9.3_vue@3.5.26_typescript@5.9.3_/node_modules/pinia": {
      "version": "2.3.1",
      "license": "MIT",
      "dependencies": {
        "@vue/devtools-api": "^6.6.3",
        "vue-demi": "^0.14.10"
      },
      "devDependencies": {
        "@microsoft/api-extractor": "7.48.0",
        "@vue/test-utils": "^2.4.6"
      },
      "funding": {
        "url": "https://github.com/sponsors/posva"
      },
      "peerDependencies": {
        "typescript": ">=4.4.4",
        "vue": "^2.7.0 || ^3.5.11"
      },
      "peerDependenciesMeta": {
        "typescript": {
          "optional": true
        }
      }
    },
    "../../node_modules/.pnpm/shadcn@3.6.2_@types+node@24.10.4_hono@4.11.1_typescript@5.9.3/node_modules/shadcn": {
      "version": "3.6.2",
      "license": "MIT",
      "dependencies": {
        "@antfu/ni": "^25.0.0",
        "@babel/core": "^7.28.0",
        "@babel/parser": "^7.28.0",
        "@babel/plugin-transform-typescript": "^7.28.0",
        "@babel/preset-typescript": "^7.27.1",
        "@dotenvx/dotenvx": "^1.48.4",
        "@modelcontextprotocol/sdk": "^1.17.2",
        "browserslist": "^4.26.2",
        "commander": "^14.0.0",
        "cosmiconfig": "^9.0.0",
        "dedent": "^1.6.0",
        "deepmerge": "^4.3.1",
        "diff": "^8.0.2",
        "execa": "^9.6.0",
        "fast-glob": "^3.3.3",
        "fs-extra": "^11.3.1",
        "fuzzysort": "^3.1.0",
        "https-proxy-agent": "^7.0.6",
        "kleur": "^4.1.5",
        "msw": "^2.10.4",
        "node-fetch": "^3.3.2",
        "open": "^11.0.0",
        "ora": "^8.2.0",
        "postcss": "^8.5.6",
        "postcss-selector-parser": "^7.1.0",
        "prompts": "^2.4.2",
        "recast": "^0.23.11",
        "stringify-object": "^5.0.0",
        "ts-morph": "^26.0.0",
        "tsconfig-paths": "^4.2.0",
        "zod": "^3.24.1",
        "zod-to-json-schema": "^3.24.6"
      },
      "bin": {
        "shadcn": "dist/index.js"
      },
      "devDependencies": {
        "@types/babel__core": "^7.20.5",
        "@types/fs-extra": "^11.0.4",
        "@types/prompts": "^2.4.9",
        "@types/stringify-object": "^4.0.5",
        "rimraf": "^6.0.1",
        "tsup": "^8.5.0",
        "type-fest": "^4.41.0",
        "typescript": "^5.9.2"
      }
    },
    "../../node_modules/.pnpm/tailwind-merge@3.4.0/node_modules/tailwind-merge": {
      "version": "3.4.0",
      "license": "MIT",
      "devDependencies": {
        "@babel/core": "^7.28.4",
        "@babel/preset-env": "^7.28.3",
        "@codspeed/vitest-plugin": "^5.0.1",
        "@rollup/plugin-babel": "^6.0.4",
        "@rollup/plugin-node-resolve": "^16.0.1",
        "@rollup/plugin-typescript": "^12.1.4",
        "@types/node": "^24.9.2",
        "@vitest/coverage-v8": "^3.2.4",
        "@vitest/eslint-plugin": "^1.3.15",
        "babel-plugin-annotate-pure-calls": "^0.5.0",
        "babel-plugin-polyfill-regenerator": "^0.6.5",
        "eslint": "^9.37.0",
        "eslint-plugin-import": "^2.32.0",
        "globby": "^11.1.0",
        "prettier": "^3.6.2",
        "rollup": "^4.52.4",
        "rollup-plugin-delete": "^3.0.1",
        "rollup-plugin-dts": "^6.2.3",
        "tslib": "^2.8.1",
        "typescript": "^5.9.3",
        "typescript-eslint": "^8.45.0",
        "vitest": "^3.2.4",
        "zx": "^8.8.4"
      },
      "funding": {
        "type": "github",
        "url": "https://github.com/sponsors/dcastil"
      }
    },
    "../../node_modules/.pnpm/tailwindcss@4.1.18/node_modules/tailwindcss": {
      "version": "4.1.18",
      "license": "MIT",
      "devDependencies": {
        "@jridgewell/remapping": "^2.3.4",
        "@tailwindcss/oxide": "^4.1.18",
        "@types/node": "^20.19.0",
        "dedent": "1.7.0",
        "lightningcss": "1.30.2",
        "magic-string": "^0.30.21",
        "source-map-js": "^1.2.1"
      }
    },
    "../../node_modules/.pnpm/tw-animate-css@1.4.0/node_modules/tw-animate-css": {
      "version": "1.4.0",
      "license": "MIT",
      "devDependencies": {
        "@commitlint/cli": "^19.8.1",
        "@commitlint/config-conventional": "^19.8.1",
        "@types/node": "^24.5.2",
        "lint-staged": "^16.2.0",
        "prettier": "^3.6.2",
        "simple-git-hooks": "^2.13.1",
        "sort-package-json": "^3.4.0"
      },
      "funding": {
        "url": "https://github.com/sponsors/Wombosvideo"
      }
    },
    "../../node_modules/.pnpm/typescript-eslint@8.50.1_eslint@9.39.2_jiti@2.6.1__typescript@5.9.3/node_modules/typescript-eslint": {
      "version": "8.50.1",
      "dev": true,
      "license": "MIT",
      "dependencies": {
        "@typescript-eslint/eslint-plugin": "8.50.1",
        "@typescript-eslint/parser": "8.50.1",
        "@typescript-eslint/typescript-estree": "8.50.1",
        "@typescript-eslint/utils": "8.50.1"
      },
      "devDependencies": {
        "@vitest/coverage-v8": "^3.1.3",
        "eslint": "*",
        "rimraf": "*",
        "typescript": "*",
        "vitest": "^3.1.3"
      },
      "engines": {
        "node": "^18.18.0 || ^20.9.0 || >=21.1.0"
      },
      "funding": {
        "type": "opencollective",
        "url": "https://opencollective.com/typescript-eslint"
      },
      "peerDependencies": {
        "eslint": "^8.57.0 || ^9.0.0",
        "typescript": ">=4.8.4 <6.0.0"
      }
    },
    "../../node_modules/.pnpm/typescript@5.9.3/node_modules/typescript": {
      "version": "5.9.3",
      "dev": true,
      "license": "Apache-2.0",
      "bin": {
        "tsc": "bin/tsc",
        "tsserver": "bin/tsserver"
      },
      "devDependencies": {
        "@dprint/formatter": "^0.4.1",
        "@dprint/typescript": "0.93.4",
        "@esfx/canceltoken": "^1.0.0",
        "@eslint/js": "^9.20.0",
        "@octokit/rest": "^21.1.1",
        "@types/chai": "^4.3.20",
        "@types/diff": "^7.0.1",
        "@types/minimist": "^1.2.5",
        "@types/mocha": "^10.0.10",
        "@types/ms": "^0.7.34",
        "@types/node": "latest",
        "@types/source-map-support": "^0.5.10",
        "@types/which": "^3.0.4",
        "@typescript-eslint/rule-tester": "^8.24.1",
        "@typescript-eslint/type-utils": "^8.24.1",
        "@typescript-eslint/utils": "^8.24.1",
        "azure-devops-node-api": "^14.1.0",
        "c8": "^10.1.3",
        "chai": "^4.5.0",
        "chokidar": "^4.0.3",
        "diff": "^7.0.0",
        "dprint": "^0.49.0",
        "esbuild": "^0.25.0",
        "eslint": "^9.20.1",
        "eslint-formatter-autolinkable-stylish": "^1.4.0",
        "eslint-plugin-regexp": "^2.7.0",
        "fast-xml-parser": "^4.5.2",
        "glob": "^10.4.5",
        "globals": "^15.15.0",
        "hereby": "^1.10.0",
        "jsonc-parser": "^3.3.1",
        "knip": "^5.44.4",
        "minimist": "^1.2.8",
        "mocha": "^10.8.2",
        "mocha-fivemat-progress-reporter": "^0.1.0",
        "monocart-coverage-reports": "^2.12.1",
        "ms": "^2.1.3",
        "picocolors": "^1.1.1",
        "playwright": "^1.50.1",
        "source-map-support": "^0.5.21",
        "tslib": "^2.8.1",
        "typescript": "^5.7.3",
        "typescript-eslint": "^8.24.1",
        "which": "^3.0.1"
      },
      "engines": {
        "node": ">=14.17"
      }
    },
    "../../node_modules/.pnpm/vite@7.3.0_@types+node@24.10.4_jiti@2.6.1_lightningcss@1.30.2_tsx@4.21.0/node_modules/vite": {
      "version": "7.3.0",
      "dev": true,
      "license": "MIT",
      "dependencies": {
        "esbuild": "^0.27.0",
        "fdir": "^6.5.0",
        "picomatch": "^4.0.3",
        "postcss": "^8.5.6",
        "rollup": "^4.43.0",
        "tinyglobby": "^0.2.15"
      },
      "bin": {
        "vite": "bin/vite.js"
      },
      "devDependencies": {
        "@babel/parser": "^7.28.5",
        "@jridgewell/remapping": "^2.3.5",
        "@jridgewell/trace-mapping": "^0.3.31",
        "@oxc-project/types": "0.95.0",
        "@polka/compression": "^1.0.0-next.25",
        "@rolldown/pluginutils": "^1.0.0-beta.52",
        "@rollup/plugin-alias": "^5.1.1",
        "@rollup/plugin-commonjs": "^29.0.0",
        "@rollup/plugin-dynamic-import-vars": "2.1.4",
        "@rollup/pluginutils": "^5.3.0",
        "@types/escape-html": "^1.0.4",
        "@types/pnpapi": "^0.0.5",
        "artichokie": "^0.4.2",
        "baseline-browser-mapping": "^2.8.32",
        "cac": "^6.7.14",
        "chokidar": "^3.6.0",
        "connect": "^3.7.0",
        "convert-source-map": "^2.0.0",
        "cors": "^2.8.5",
        "cross-spawn": "^7.0.6",
        "dotenv": "^17.2.3",
        "dotenv-expand": "^12.0.3",
        "es-module-lexer": "^1.7.0",
        "escape-html": "^1.0.3",
        "estree-walker": "^3.0.3",
        "etag": "^1.8.1",
        "host-validation-middleware": "^0.1.2",
        "http-proxy-3": "^1.22.0",
        "launch-editor-middleware": "^2.12.0",
        "lightningcss": "^1.30.2",
        "magic-string": "^0.30.21",
        "mlly": "^1.8.0",
        "mrmime": "^2.0.1",
        "nanoid": "^5.1.6",
        "obug": "^1.0.2",
        "open": "^10.2.0",
        "parse5": "^8.0.0",
        "pathe": "^2.0.3",
        "periscopic": "^4.0.2",
        "picocolors": "^1.1.1",
        "postcss-import": "^16.1.1",
        "postcss-load-config": "^6.0.1",
        "postcss-modules": "^6.0.1",
        "premove": "^4.0.0",
        "resolve.exports": "^2.0.3",
        "rolldown": "^1.0.0-beta.52",
        "rolldown-plugin-dts": "^0.18.1",
        "rollup-plugin-license": "^3.6.0",
        "sass": "^1.94.2",
        "sass-embedded": "^1.93.3",
        "sirv": "^3.0.2",
        "strip-literal": "^3.1.0",
        "terser": "^5.44.1",
        "tsconfck": "^3.1.6",
        "ufo": "^1.6.1",
        "ws": "^8.18.3"
      },
      "engines": {
        "node": "^20.19.0 || >=22.12.0"
      },
      "funding": {
        "url": "https://github.com/vitejs/vite?sponsor=1"
      },
      "optionalDependencies": {
        "fsevents": "~2.3.3"
      },
      "peerDependencies": {
        "@types/node": "^20.19.0 || >=22.12.0",
        "jiti": ">=1.21.0",
        "less": "^4.0.0",
        "lightningcss": "^1.21.0",
        "sass": "^1.70.0",
        "sass-embedded": "^1.70.0",
        "stylus": ">=0.54.8",
        "sugarss": "^5.0.0",
        "terser": "^5.16.0",
        "tsx": "^4.8.1",
        "yaml": "^2.4.2"
      },
      "peerDependenciesMeta": {
        "@types/node": {
          "optional": true
        },
        "jiti": {
          "optional": true
        },
        "less": {
          "optional": true
        },
        "lightningcss": {
          "optional": true
        },
        "sass": {
          "optional": true
        },
        "sass-embedded": {
          "optional": true
        },
        "stylus": {
          "optional": true
        },
        "sugarss": {
          "optional": true
        },
        "terser": {
          "optional": true
        },
        "tsx": {
          "optional": true
        },
        "yaml": {
          "optional": true
        }
      }
    },
    "../../node_modules/.pnpm/vue-router@4.6.4_vue@3.5.26_typescript@5.9.3_/node_modules/vue-router": {
      "version": "4.6.4",
      "license": "MIT",
      "dependencies": {
        "@vue/devtools-api": "^6.6.4"
      },
      "devDependencies": {
        "@rollup/plugin-commonjs": "^28.0.7",
        "@rollup/plugin-node-resolve": "^16.0.3",
        "@rollup/plugin-replace": "^6.0.2",
        "@rollup/plugin-terser": "^0.4.4",
        "@types/jsdom": "^21.1.7",
        "@types/nightwatch": "^2.3.32",
        "@typescript/native-preview": "7.0.0-dev.20251013.1",
        "@vitejs/plugin-vue": "^6.0.1",
        "@vue/compiler-sfc": "~3.5.22",
        "@vue/server-renderer": "~3.5.22",
        "@vue/test-utils": "^2.4.6",
        "browserstack-local": "^1.5.8",
        "chromedriver": "^138.0.5",
        "connect-history-api-fallback": "^1.6.0",
        "dotenv": "^17.2.3",
        "faked-promise": "^2.2.2",
        "geckodriver": "^6.0.2",
        "happy-dom": "^20.0.0",
        "nightwatch": "^3.12.2",
        "nightwatch-helpers": "^1.2.0",
        "rimraf": "^6.0.1",
        "rollup": "^4.52.4",
        "rollup-plugin-typescript2": "^0.36.0",
        "tsdown": "^0.17.2",
        "tsup": "^8.5.0",
        "vite": "^7.1.10",
        "vue": "~3.6.0-alpha.2"
      },
      "funding": {
        "url": "https://github.com/sponsors/posva"
      },
      "peerDependencies": {
        "vue": "^3.5.0"
      }
    },
    "../../node_modules/.pnpm/vue-tsc@2.2.12_typescript@5.9.3/node_modules/vue-tsc": {
      "version": "2.2.12",
      "dev": true,
      "license": "MIT",
      "dependencies": {
        "@volar/typescript": "2.4.15",
        "@vue/language-core": "2.2.12"
      },
      "bin": {
        "vue-tsc": "bin/vue-tsc.js"
      },
      "devDependencies": {
        "@types/node": "^22.10.4"
      },
      "peerDependencies": {
        "typescript": ">=5.0.0"
      }
    },
    "../../node_modules/.pnpm/vue@3.5.26_typescript@5.9.3/node_modules/vue": {
      "version": "3.5.26",
      "license": "MIT",
      "dependencies": {
        "@vue/compiler-dom": "3.5.26",
        "@vue/compiler-sfc": "3.5.26",
        "@vue/runtime-dom": "3.5.26",
        "@vue/server-renderer": "3.5.26",
        "@vue/shared": "3.5.26"
      },
      "peerDependencies": {
        "typescript": "*"
      },
      "peerDependenciesMeta": {
        "typescript": {
          "optional": true
        }
      }
    },
    "node_modules/@base-ui/react": {
      "resolved": "../../node_modules/.pnpm/@base-ui+react@1.0.0_@types+react@19.2.7_react-dom@19.2.3_react@19.2.3__react@19.2.3/node_modules/@base-ui/react",
      "link": true
    },
    "node_modules/@eslint/js": {
      "resolved": "../../node_modules/.pnpm/@eslint+js@9.39.2/node_modules/@eslint/js",
      "link": true
    },
    "node_modules/@fontsource-variable/inter": {
      "resolved": "../../node_modules/.pnpm/@fontsource-variable+inter@5.2.8/node_modules/@fontsource-variable/inter",
      "link": true
    },
    "node_modules/@hugeicons/core-free-icons": {
      "resolved": "../../node_modules/.pnpm/@hugeicons+core-free-icons@3.1.0/node_modules/@hugeicons/core-free-icons",
      "link": true
    },
    "node_modules/@hugeicons/react": {
      "resolved": "../../node_modules/.pnpm/@hugeicons+react@1.1.4_react@19.2.3/node_modules/@hugeicons/react",
      "link": true
    },
    "node_modules/@reevit/vue": {
      "resolved": "../../node_modules/.pnpm/@reevit+vue@0.3.2_vue@3.5.26_typescript@5.9.3_/node_modules/@reevit/vue",
      "link": true
    },
    "node_modules/@tailwindcss/vite": {
      "resolved": "../../node_modules/.pnpm/@tailwindcss+vite@4.1.18_vite@7.3.0_@types+node@24.10.4_jiti@2.6.1_lightningcss@1.30.2_tsx@4.21.0_/node_modules/@tailwindcss/vite",
      "link": true
    },
    "node_modules/@types/node": {
      "resolved": "../../node_modules/.pnpm/@types+node@24.10.4/node_modules/@types/node",
      "link": true
    },
    "node_modules/@vitejs/plugin-vue": {
      "resolved": "../../node_modules/.pnpm/@vitejs+plugin-vue@5.2.4_vite@7.3.0_@types+node@24.10.4_jiti@2.6.1_lightningcss@1.30.2__900565a768ab2922a24e104e81208553/node_modules/@vitejs/plugin-vue",
      "link": true
    },
    "node_modules/class-variance-authority": {
      "resolved": "../../node_modules/.pnpm/class-variance-authority@0.7.1/node_modules/class-variance-authority",
      "link": true
    },
    "node_modules/clsx": {
      "resolved": "../../node_modules/.pnpm/clsx@2.1.1/node_modules/clsx",
      "link": true
    },
    "node_modules/eslint": {
      "resolved": "../../node_modules/.pnpm/eslint@9.39.2_jiti@2.6.1/node_modules/eslint",
      "link": true
    },
    "node_modules/lucide-vue-next": {
      "resolved": "../../node_modules/.pnpm/lucide-vue-next@0.460.0_vue@3.5.26_typescript@5.9.3_/node_modules/lucide-vue-next",
      "link": true
    },
    "node_modules/pinia": {
      "resolved": "../../node_modules/.pnpm/pinia@2.3.1_typescript@5.9.3_vue@3.5.26_typescript@5.9.3_/node_modules/pinia",
      "link": true
    },
    "node_modules/shadcn": {
      "resolved": "../../node_modules/.pnpm/shadcn@3.6.2_@types+node@24.10.4_hono@4.11.1_typescript@5.9.3/node_modules/shadcn",
      "link": true
    },
    "node_modules/tailwind-merge": {
      "resolved": "../../node_modules/.pnpm/tailwind-merge@3.4.0/node_modules/tailwind-merge",
      "link": true
    },
    "node_modules/tailwindcss": {
      "resolved": "../../node_modules/.pnpm/tailwindcss@4.1.18/node_modules/tailwindcss",
      "link": true
    },
    "node_modules/tw-animate-css": {
      "resolved": "../../node_modules/.pnpm/tw-animate-css@1.4.0/node_modules/tw-animate-css",
      "link": true
    },
    "node_modules/typescript": {
      "resolved": "../../node_modules/.pnpm/typescript@5.9.3/node_modules/typescript",
      "link": true
    },
    "node_modules/typescript-eslint": {
      "resolved": "../../node_modules/.pnpm/typescript-eslint@8.50.1_eslint@9.39.2_jiti@2.6.1__typescript@5.9.3/node_modules/typescript-eslint",
      "link": true
    },
    "node_modules/vite": {
      "resolved": "../../node_modules/.pnpm/vite@7.3.0_@types+node@24.10.4_jiti@2.6.1_lightningcss@1.30.2_tsx@4.21.0/node_modules/vite",
      "link": true
    },
    "node_modules/vue": {
      "resolved": "../../node_modules/.pnpm/vue@3.5.26_typescript@5.9.3/node_modules/vue",
      "link": true
    },
    "node_modules/vue-router": {
      "resolved": "../../node_modules/.pnpm/vue-router@4.6.4_vue@3.5.26_typescript@5.9.3_/node_modules/vue-router",
      "link": true
    },
    "node_modules/vue-tsc": {
      "resolved": "../../node_modules/.pnpm/vue-tsc@2.2.12_typescript@5.9.3/node_modules/vue-tsc",
      "link": true
    }
  }
}
